
Microsoft Visual Studio Solution File, Format Version 12.00
# Visual Studio 15
Project("{FAE04EC0-301F-11D3-BF4B-00C04F79EFBC}") = "LletraMovil.Android", "LletraMovil.Android\LletraMovil.Android.csproj", "{DDEF81C8-23BC-40BF-937E-1F14263A4F22}"
EndProject
Project("{FAE04EC0-301F-11D3-BF4B-00C04F79EFBC}") = "LletraMovil.iOS", "LletraMovil.iOS\LletraMovil.iOS.csproj", "{5F5CADBE-6F9D-4DCD-BD1F-1850B96F04AB}"
EndProject
Project("{FAE04EC0-301F-11D3-BF4B-00C04F79EFBC}") = "LletraMovil", "LletraMovil\LletraMovil.csproj", "{EAEADB01-2CCE-42FF-B3B5-EA536DE7F7CE}"
EndProject
Global
	GlobalSection(SolutionConfigurationPlatforms) = preSolution
		Debug|Any CPU = Debug|Any CPU
		Release|Any CPU = Release|Any CPU
		Debug|iPhoneSimulator = Debug|iPhoneSimulator
		Release|iPhoneSimulator = Release|iPhoneSimulator
		Debug|iPhone = Debug|iPhone
		Release|iPhone = Release|iPhone
	EndGlobalSection
	GlobalSection(ProjectConfigurationPlatforms) = postSolution
		{DDEF81C8-23BC-40BF-937E-1F14263A4F22}.Debug|Any CPU.ActiveCfg = Debug|Any CPU
		{DDEF81C8-23BC-40BF-937E-1F14263A4F22}.Debug|Any CPU.Build.0 = Debug|Any CPU
		{DDEF81C8-23BC-40BF-937E-1F14263A4F22}.Release|Any CPU.ActiveCfg = Release|Any CPU
		{DDEF81C8-23BC-40BF-937E-1F14263A4F22}.Release|Any CPU.Build.0 = Release|Any CPU
		{DDEF81C8-23BC-40BF-937E-1F14263A4F22}.Debug|iPhoneSimulator.ActiveCfg = Debug|Any CPU
		{DDEF81C8-23BC-40BF-937E-1F14263A4F22}.Debug|iPhoneSimulator.Build.0 = Debug|Any CPU
		{DDEF81C8-23BC-40BF-937E-1F14263A4F22}.Release|iPhoneSimulator.ActiveCfg = Release|Any CPU
		{DDEF81C8-23BC-40BF-937E-1F14263A4F22}.Release|iPhoneSimulator.Build.0 = Release|Any CPU
		{DDEF81C8-23BC-40BF-937E-1F14263A4F22}.Debug|iPhone.ActiveCfg = Debug|Any CPU
		{DDEF81C8-23BC-40BF-937E-1F14263A4F22}.Debug|iPhone.Build.0 = Debug|Any CPU
		{DDEF81C8-23BC-40BF-937E-1F14263A4F22}.Release|iPhone.ActiveCfg = Release|Any CPU
		{DDEF81C8-23BC-40BF-937E-1F14263A4F22}.Release|iPhone.Build.0 = Release|Any CPU
		{5F5CADBE-6F9D-4DCD-BD1F-1850B96F04AB}.Debug|Any CPU.ActiveCfg = Debug|iPhoneSimulator
		{5F5CADBE-6F9D-4DCD-BD1F-1850B96F04AB}.Debug|Any CPU.Build.0 = Debug|iPhoneSimulator
		{5F5CADBE-6F9D-4DCD-BD1F-1850B96F04AB}.Release|Any CPU.ActiveCfg = Release|iPhoneSimulator
		{5F5CADBE-6F9D-4DCD-BD1F-1850B96F04AB}.Release|Any CPU.Build.0 = Release|iPhoneSimulator
		{5F5CADBE-6F9D-4DCD-BD1F-1850B96F04AB}.Debug|iPhoneSimulator.ActiveCfg = Debug|iPhoneSimulator
		{5F5CADBE-6F9D-4DCD-BD1F-1850B96F04AB}.Debug|iPhoneSimulator.Build.0 = Debug|iPhoneSimulator
		{5F5CADBE-6F9D-4DCD-BD1F-1850B96F04AB}.Release|iPhoneSimulator.ActiveCfg = Release|iPhoneSimulator
		{5F5CADBE-6F9D-4DCD-BD1F-1850B96F04AB}.Release|iPhoneSimulator.Build.0 = Release|iPhoneSimulator
		{5F5CADBE-6F9D-4DCD-BD1F-1850B96F04AB}.Debug|iPhone.ActiveCfg = Debug|iPhone
		{5F5CADBE-6F9D-4DCD-BD1F-1850B96F04AB}.Debug|iPhone.Build.0 = Debug|iPhone
		{5F5CADBE-6F9D-4DCD-BD1F-1850B96F04AB}.Release|iPhone.ActiveCfg = Release|iPhone
		{5F5CADBE-6F9D-4DCD-BD1F-1850B96F04AB}.Release|iPhone.Build.0 = Release|iPhone
		{EAEADB01-2CCE-42FF-B3B5-EA536DE7F7CE}.Debug|Any CPU.ActiveCfg = Debug|Any CPU
		{EAEADB01-2CCE-42FF-B3B5-EA536DE7F7CE}.Debug|Any CPU.Build.0 = Debug|Any CPU
		{EAEADB01-2CCE-42FF-B3B5-EA536DE7F7CE}.Release|Any CPU.ActiveCfg = Release|Any CPU
		{EAEADB01-2CCE-42FF-B3B5-EA536DE7F7CE}.Release|Any CPU.Build.0 = Release|Any CPU
		{EAEADB01-2CCE-42FF-B3B5-EA536DE7F7CE}.Debug|iPhoneSimulator.ActiveCfg = Debug|Any CPU
		{EAEADB01-2CCE-42FF-B3B5-EA536DE7F7CE}.Debug|iPhoneSimulator.Build.0 = Debug|Any CPU
		{EAEADB01-2CCE-42FF-B3B5-EA536DE7F7CE}.Release|iPhoneSimulator.ActiveCfg = Release|Any CPU
		{EAEADB01-2CCE-42FF-B3B5-EA536DE7F7CE}.Release|iPhoneSimulator.Build.0 = Release|Any CPU
		{EAEADB01-2CCE-42FF-B3B5-EA536DE7F7CE}.Debug|iPhone.ActiveCfg = Debug|Any CPU
		{EAEADB01-2CCE-42FF-B3B5-EA536DE7F7CE}.Debug|iPhone.Build.0 = Debug|Any CPU
		{EAEADB01-2CCE-42FF-B3B5-EA536DE7F7CE}.Release|iPhone.ActiveCfg = Release|Any CPU
		{EAEADB01-2CCE-42FF-B3B5-EA536DE7F7CE}.Release|iPhone.Build.0 = Release|Any CPU
	EndGlobalSection
EndGlobal
